
Microsoft Visual Studio Solution File, Format Version 12.00
# Visual Studio Version 17
VisualStudioVersion = 17.3.32929.385
MinimumVisualStudioVersion = 10.0.40219.1
Project("{9A19103F-16F7-4668-BE54-9A1E7A4F7556}") = "TrainTicketBookingSystem", "TrainTicketBookingSystem.csproj", "{F5B729F1-7D76-4A5E-9047-0872EB18D1F7}"
EndProject
Project("{2150E333-8FDC-42A3-9474-1A3956D46DE8}") = "Solution Items", "Solution Items", "{337DA633-8D1A-46BA-9FA8-39B4938E09BE}"
EndProject
Global
	GlobalSection(SolutionConfigurationPlatforms) = preSolution
		Debug|Any CPU = Debug|Any CPU
		Release|Any CPU = Release|Any CPU
	EndGlobalSection
	GlobalSection(ProjectConfigurationPlatforms) = postSolution
		{F5B729F1-7D76-4A5E-9047-0872EB18D1F7}.Debug|Any CPU.ActiveCfg = Debug|Any CPU
		{F5B729F1-7D76-4A5E-9047-0872EB18D1F7}.Debug|Any CPU.Build.0 = Debug|Any CPU
		{F5B729F1-7D76-4A5E-9047-0872EB18D1F7}.Release|Any CPU.ActiveCfg = Release|Any CPU
		{F5B729F1-7D76-4A5E-9047-0872EB18D1F7}.Release|Any CPU.Build.0 = Release|Any CPU
	EndGlobalSection
	GlobalSection(SolutionProperties) = preSolution
		HideSolutionNode = FALSE
	EndGlobalSection
	GlobalSection(ExtensibilityGlobals) = postSolution
		SolutionGuid = {C266FF27-4A1C-4342-A8F6-37747522DCC8}
	EndGlobalSection
EndGlobal
